
Microsoft Visual Studio Solution File, Format Version 12.00
# Visual Studio Version 17
VisualStudioVersion = 17.14.36623.8 d17.14
MinimumVisualStudioVersion = 10.0.40219.1
Project("{FAE04EC0-301F-11D3-BF4B-00C04F79EFBC}") = "Laboratorio19", "Laboratorio19.csproj", "{87287035-7A7A-43A6-985D-1DF85EC77203}"
EndProject
Project("{FAE04EC0-301F-11D3-BF4B-00C04F79EFBC}") = "Laboratorio192", "..\Laboratorio192\Laboratorio192.csproj", "{DA9EB32B-E96A-4C72-8858-16503098888E}"
EndProject
Project("{FAE04EC0-301F-11D3-BF4B-00C04F79EFBC}") = "Laboratorio193", "..\Laboratorio193\Laboratorio193.csproj", "{E28F1E1A-6BD5-4E6E-AD03-4BCFD9298F99}"
EndProject
Global
	GlobalSection(SolutionConfigurationPlatforms) = preSolution
		Debug|Any CPU = Debug|Any CPU
		Release|Any CPU = Release|Any CPU
	EndGlobalSection
	GlobalSection(ProjectConfigurationPlatforms) = postSolution
		{87287035-7A7A-43A6-985D-1DF85EC77203}.Debug|Any CPU.ActiveCfg = Debug|Any CPU
		{87287035-7A7A-43A6-985D-1DF85EC77203}.Debug|Any CPU.Build.0 = Debug|Any CPU
		{87287035-7A7A-43A6-985D-1DF85EC77203}.Release|Any CPU.ActiveCfg = Release|Any CPU
		{87287035-7A7A-43A6-985D-1DF85EC77203}.Release|Any CPU.Build.0 = Release|Any CPU
		{DA9EB32B-E96A-4C72-8858-16503098888E}.Debug|Any CPU.ActiveCfg = Debug|Any CPU
		{DA9EB32B-E96A-4C72-8858-16503098888E}.Debug|Any CPU.Build.0 = Debug|Any CPU
		{DA9EB32B-E96A-4C72-8858-16503098888E}.Release|Any CPU.ActiveCfg = Release|Any CPU
		{DA9EB32B-E96A-4C72-8858-16503098888E}.Release|Any CPU.Build.0 = Release|Any CPU
		{E28F1E1A-6BD5-4E6E-AD03-4BCFD9298F99}.Debug|Any CPU.ActiveCfg = Debug|Any CPU
		{E28F1E1A-6BD5-4E6E-AD03-4BCFD9298F99}.Debug|Any CPU.Build.0 = Debug|Any CPU
		{E28F1E1A-6BD5-4E6E-AD03-4BCFD9298F99}.Release|Any CPU.ActiveCfg = Release|Any CPU
		{E28F1E1A-6BD5-4E6E-AD03-4BCFD9298F99}.Release|Any CPU.Build.0 = Release|Any CPU
	EndGlobalSection
	GlobalSection(SolutionProperties) = preSolution
		HideSolutionNode = FALSE
	EndGlobalSection
	GlobalSection(ExtensibilityGlobals) = postSolution
		SolutionGuid = {50006E92-7550-451C-B571-826C4DFF5E65}
	EndGlobalSection
EndGlobal
